
Microsoft Visual Studio Solution File, Format Version 11.00
# Visual Studio 2010
Project("{8BC9CEB8-8B4A-11D0-8D11-00A0C91BC942}") = "arx.17", "arx.17.vcxproj", "{62543369-961C-49E2-9B97-24B74951425F}"
EndProject
Project("{8BC9CEB8-8B4A-11D0-8D11-00A0C91BC942}") = "brx.10", "brx.10.vcxproj", "{62543369-963C-49E2-9B97-24B74951425F}"
EndProject
Project("{8BC9CEB8-8B4A-11D0-8D11-00A0C91BC942}") = "brx.12", "brx.12.vcxproj", "{62543369-993C-49E2-9B97-24B74951425F}"
EndProject
Project("{8BC9CEB8-8B4A-11D0-8D11-00A0C91BC942}") = "brx.11", "brx.11.vcxproj", "{8616D393-22E3-4E8D-A879-1E9B8D00454A}"
EndProject
Project("{8BC9CEB8-8B4A-11D0-8D11-00A0C91BC942}") = "arx.18", "arx.18.vcxproj", "{54AFE95A-B44F-4ECB-8D49-1699DCF549A6}"
EndProject
Project("{8BC9CEB8-8B4A-11D0-8D11-00A0C91BC942}") = "arx.19", "arx.19.vcxproj", "{54AFE95A-B44F-4ECB-8D49-1699DCF549A7}"
EndProject
Project("{8BC9CEB8-8B4A-11D0-8D11-00A0C91BC942}") = "brx.13", "brx.13.vcxproj", "{7B72B32C-466C-4A2C-AD41-17048F7FE18E}"
EndProject
Global
	GlobalSection(SolutionConfigurationPlatforms) = preSolution
		Debug|Win32 = Debug|Win32
		Debug|x64 = Debug|x64
		Release|Win32 = Release|Win32
		Release|x64 = Release|x64
		Template|Win32 = Template|Win32
		Template|x64 = Template|x64
	EndGlobalSection
	GlobalSection(ProjectConfigurationPlatforms) = postSolution
		{62543369-961C-49E2-9B97-24B74951425F}.Debug|Win32.ActiveCfg = Debug|Win32
		{62543369-961C-49E2-9B97-24B74951425F}.Debug|x64.ActiveCfg = Release|x64
		{62543369-961C-49E2-9B97-24B74951425F}.Release|Win32.ActiveCfg = Release|Win32
		{62543369-961C-49E2-9B97-24B74951425F}.Release|Win32.Build.0 = Release|Win32
		{62543369-961C-49E2-9B97-24B74951425F}.Release|x64.ActiveCfg = Release|x64
		{62543369-961C-49E2-9B97-24B74951425F}.Release|x64.Build.0 = Release|x64
		{62543369-961C-49E2-9B97-24B74951425F}.Template|Win32.ActiveCfg = Template|Win32
		{62543369-961C-49E2-9B97-24B74951425F}.Template|Win32.Build.0 = Template|Win32
		{62543369-961C-49E2-9B97-24B74951425F}.Template|x64.ActiveCfg = Template|x64
		{62543369-961C-49E2-9B97-24B74951425F}.Template|x64.Build.0 = Template|x64
		{62543369-963C-49E2-9B97-24B74951425F}.Debug|Win32.ActiveCfg = Debug|Win32
		{62543369-963C-49E2-9B97-24B74951425F}.Debug|x64.ActiveCfg = Debug|x64
		{62543369-963C-49E2-9B97-24B74951425F}.Release|Win32.ActiveCfg = Release|Win32
		{62543369-963C-49E2-9B97-24B74951425F}.Release|Win32.Build.0 = Release|Win32
		{62543369-963C-49E2-9B97-24B74951425F}.Release|x64.ActiveCfg = Release|x64
		{62543369-963C-49E2-9B97-24B74951425F}.Release|x64.Build.0 = Release|x64
		{62543369-963C-49E2-9B97-24B74951425F}.Template|Win32.ActiveCfg = Template|Win32
		{62543369-963C-49E2-9B97-24B74951425F}.Template|Win32.Build.0 = Template|Win32
		{62543369-963C-49E2-9B97-24B74951425F}.Template|x64.ActiveCfg = Template|x64
		{62543369-963C-49E2-9B97-24B74951425F}.Template|x64.Build.0 = Template|x64
		{62543369-993C-49E2-9B97-24B74951425F}.Debug|Win32.ActiveCfg = Debug|Win32
		{62543369-993C-49E2-9B97-24B74951425F}.Debug|x64.ActiveCfg = Debug|x64
		{62543369-993C-49E2-9B97-24B74951425F}.Release|Win32.ActiveCfg = Release|Win32
		{62543369-993C-49E2-9B97-24B74951425F}.Release|Win32.Build.0 = Release|Win32
		{62543369-993C-49E2-9B97-24B74951425F}.Release|x64.ActiveCfg = Release|x64
		{62543369-993C-49E2-9B97-24B74951425F}.Release|x64.Build.0 = Release|x64
		{62543369-993C-49E2-9B97-24B74951425F}.Template|Win32.ActiveCfg = Template|Win32
		{62543369-993C-49E2-9B97-24B74951425F}.Template|Win32.Build.0 = Template|Win32
		{62543369-993C-49E2-9B97-24B74951425F}.Template|x64.ActiveCfg = Template|x64
		{62543369-993C-49E2-9B97-24B74951425F}.Template|x64.Build.0 = Template|x64
		{8616D393-22E3-4E8D-A879-1E9B8D00454A}.Debug|Win32.ActiveCfg = Debug|Win32
		{8616D393-22E3-4E8D-A879-1E9B8D00454A}.Debug|x64.ActiveCfg = Debug|x64
		{8616D393-22E3-4E8D-A879-1E9B8D00454A}.Release|Win32.ActiveCfg = Release|Win32
		{8616D393-22E3-4E8D-A879-1E9B8D00454A}.Release|Win32.Build.0 = Release|Win32
		{8616D393-22E3-4E8D-A879-1E9B8D00454A}.Release|x64.ActiveCfg = Release|x64
		{8616D393-22E3-4E8D-A879-1E9B8D00454A}.Release|x64.Build.0 = Release|x64
		{8616D393-22E3-4E8D-A879-1E9B8D00454A}.Template|Win32.ActiveCfg = Template|Win32
		{8616D393-22E3-4E8D-A879-1E9B8D00454A}.Template|Win32.Build.0 = Template|Win32
		{8616D393-22E3-4E8D-A879-1E9B8D00454A}.Template|x64.ActiveCfg = Template|x64
		{8616D393-22E3-4E8D-A879-1E9B8D00454A}.Template|x64.Build.0 = Template|x64
		{54AFE95A-B44F-4ECB-8D49-1699DCF549A6}.Debug|Win32.ActiveCfg = Debug|Win32
		{54AFE95A-B44F-4ECB-8D49-1699DCF549A6}.Debug|x64.ActiveCfg = Debug|x64
		{54AFE95A-B44F-4ECB-8D49-1699DCF549A6}.Release|Win32.ActiveCfg = Release|Win32
		{54AFE95A-B44F-4ECB-8D49-1699DCF549A6}.Release|Win32.Build.0 = Release|Win32
		{54AFE95A-B44F-4ECB-8D49-1699DCF549A6}.Release|x64.ActiveCfg = Release|x64
		{54AFE95A-B44F-4ECB-8D49-1699DCF549A6}.Release|x64.Build.0 = Release|x64
		{54AFE95A-B44F-4ECB-8D49-1699DCF549A6}.Template|Win32.ActiveCfg = Template|Win32
		{54AFE95A-B44F-4ECB-8D49-1699DCF549A6}.Template|Win32.Build.0 = Template|Win32
		{54AFE95A-B44F-4ECB-8D49-1699DCF549A6}.Template|x64.ActiveCfg = Template|x64
		{54AFE95A-B44F-4ECB-8D49-1699DCF549A6}.Template|x64.Build.0 = Template|x64
		{54AFE95A-B44F-4ECB-8D49-1699DCF549A7}.Debug|Win32.ActiveCfg = Debug|Win32
		{54AFE95A-B44F-4ECB-8D49-1699DCF549A7}.Debug|x64.ActiveCfg = Debug|x64
		{54AFE95A-B44F-4ECB-8D49-1699DCF549A7}.Release|Win32.ActiveCfg = Release|Win32
		{54AFE95A-B44F-4ECB-8D49-1699DCF549A7}.Release|Win32.Build.0 = Release|Win32
		{54AFE95A-B44F-4ECB-8D49-1699DCF549A7}.Release|x64.ActiveCfg = Release|x64
		{54AFE95A-B44F-4ECB-8D49-1699DCF549A7}.Release|x64.Build.0 = Release|x64
		{54AFE95A-B44F-4ECB-8D49-1699DCF549A7}.Template|Win32.ActiveCfg = Template|Win32
		{54AFE95A-B44F-4ECB-8D49-1699DCF549A7}.Template|Win32.Build.0 = Template|Win32
		{54AFE95A-B44F-4ECB-8D49-1699DCF549A7}.Template|x64.ActiveCfg = Template|x64
		{54AFE95A-B44F-4ECB-8D49-1699DCF549A7}.Template|x64.Build.0 = Template|x64
		{7B72B32C-466C-4A2C-AD41-17048F7FE18E}.Debug|Win32.ActiveCfg = Debug|Win32
		{7B72B32C-466C-4A2C-AD41-17048F7FE18E}.Debug|Win32.Build.0 = Debug|Win32
		{7B72B32C-466C-4A2C-AD41-17048F7FE18E}.Debug|x64.ActiveCfg = Debug|x64
		{7B72B32C-466C-4A2C-AD41-17048F7FE18E}.Debug|x64.Build.0 = Debug|x64
		{7B72B32C-466C-4A2C-AD41-17048F7FE18E}.Release|Win32.ActiveCfg = Release|Win32
		{7B72B32C-466C-4A2C-AD41-17048F7FE18E}.Release|Win32.Build.0 = Release|Win32
		{7B72B32C-466C-4A2C-AD41-17048F7FE18E}.Release|x64.ActiveCfg = Release|x64
		{7B72B32C-466C-4A2C-AD41-17048F7FE18E}.Release|x64.Build.0 = Release|x64
		{7B72B32C-466C-4A2C-AD41-17048F7FE18E}.Template|Win32.ActiveCfg = Template|Win32
		{7B72B32C-466C-4A2C-AD41-17048F7FE18E}.Template|Win32.Build.0 = Template|Win32
		{7B72B32C-466C-4A2C-AD41-17048F7FE18E}.Template|x64.ActiveCfg = Template|x64
		{7B72B32C-466C-4A2C-AD41-17048F7FE18E}.Template|x64.Build.0 = Template|x64
	EndGlobalSection
	GlobalSection(SolutionProperties) = preSolution
		HideSolutionNode = FALSE
	EndGlobalSection
EndGlobal
